
Microsoft Visual Studio Solution File, Format Version 12.00
# Visual Studio Version 17
VisualStudioVersion = 17.0.31903.59
MinimumVisualStudioVersion = 10.0.40219.1
Project("{2150E333-8FDC-42A3-9474-1A3956D46DE8}") = "src", "src", "{0EC4F5C6-0678-480C-8738-F3B0FA974EF8}"
EndProject
Project("{FAE04EC0-301F-11D3-BF4B-00C04F79EFBC}") = "EveIsSim.NvimDapTestEx", "src\EveIsSim.NvimDapTestEx\EveIsSim.NvimDapTestEx.csproj", "{4E0F3143-2545-4F7F-B110-A9469818FF09}"
EndProject
Project("{2150E333-8FDC-42A3-9474-1A3956D46DE8}") = "tests", "tests", "{BD151653-6EBA-46B0-9A54-295E467C9C42}"
EndProject
Project("{FAE04EC0-301F-11D3-BF4B-00C04F79EFBC}") = "EveIsSim.UnitTests", "tests\EveIsSim.UnitTests\EveIsSim.UnitTests.csproj", "{696C044B-B6E3-44CD-BC47-CA2FEE2A2AB5}"
EndProject
Global
	GlobalSection(SolutionConfigurationPlatforms) = preSolution
		Debug|Any CPU = Debug|Any CPU
		Release|Any CPU = Release|Any CPU
	EndGlobalSection
	GlobalSection(SolutionProperties) = preSolution
		HideSolutionNode = FALSE
	EndGlobalSection
	GlobalSection(ProjectConfigurationPlatforms) = postSolution
		{4E0F3143-2545-4F7F-B110-A9469818FF09}.Debug|Any CPU.ActiveCfg = Debug|Any CPU
		{4E0F3143-2545-4F7F-B110-A9469818FF09}.Debug|Any CPU.Build.0 = Debug|Any CPU
		{4E0F3143-2545-4F7F-B110-A9469818FF09}.Release|Any CPU.ActiveCfg = Release|Any CPU
		{4E0F3143-2545-4F7F-B110-A9469818FF09}.Release|Any CPU.Build.0 = Release|Any CPU
		{696C044B-B6E3-44CD-BC47-CA2FEE2A2AB5}.Debug|Any CPU.ActiveCfg = Debug|Any CPU
		{696C044B-B6E3-44CD-BC47-CA2FEE2A2AB5}.Debug|Any CPU.Build.0 = Debug|Any CPU
		{696C044B-B6E3-44CD-BC47-CA2FEE2A2AB5}.Release|Any CPU.ActiveCfg = Release|Any CPU
		{696C044B-B6E3-44CD-BC47-CA2FEE2A2AB5}.Release|Any CPU.Build.0 = Release|Any CPU
	EndGlobalSection
	GlobalSection(NestedProjects) = preSolution
		{4E0F3143-2545-4F7F-B110-A9469818FF09} = {0EC4F5C6-0678-480C-8738-F3B0FA974EF8}
		{696C044B-B6E3-44CD-BC47-CA2FEE2A2AB5} = {BD151653-6EBA-46B0-9A54-295E467C9C42}
	EndGlobalSection
EndGlobal
